
Microsoft Visual Studio Solution File, Format Version 12.00
# Visual Studio Version 16
VisualStudioVersion = 16.0.31220.234
MinimumVisualStudioVersion = 10.0.40219.1
Project("{9A19103F-16F7-4668-BE54-9A1E7A4F7556}") = "LayoutLab", "LayoutLab\LayoutLab.csproj", "{48DF7E03-22B9-4EC6-AF48-19C0462BF146}"
EndProject
Project("{9A19103F-16F7-4668-BE54-9A1E7A4F7556}") = "LayoutLab.WinUI", "LayoutLab.WinUI\LayoutLab.WinUI.csproj", "{33CB1E2B-C069-4F7F-89DD-89251FF681BC}"
EndProject
Global
	GlobalSection(SolutionConfigurationPlatforms) = preSolution
		Debug|Any CPU = Debug|Any CPU
		Release|Any CPU = Release|Any CPU
	EndGlobalSection
	GlobalSection(ProjectConfigurationPlatforms) = postSolution
		{48DF7E03-22B9-4EC6-AF48-19C0462BF146}.Debug|Any CPU.ActiveCfg = Debug|Any CPU
		{48DF7E03-22B9-4EC6-AF48-19C0462BF146}.Debug|Any CPU.Build.0 = Debug|Any CPU
		{48DF7E03-22B9-4EC6-AF48-19C0462BF146}.Debug|Any CPU.Deploy.0 = Debug|Any CPU
		{48DF7E03-22B9-4EC6-AF48-19C0462BF146}.Release|Any CPU.ActiveCfg = Release|Any CPU
		{48DF7E03-22B9-4EC6-AF48-19C0462BF146}.Release|Any CPU.Build.0 = Release|Any CPU
		{48DF7E03-22B9-4EC6-AF48-19C0462BF146}.Release|Any CPU.Deploy.0 = Release|Any CPU
		{33CB1E2B-C069-4F7F-89DD-89251FF681BC}.Debug|Any CPU.ActiveCfg = Debug|Any CPU
		{33CB1E2B-C069-4F7F-89DD-89251FF681BC}.Debug|Any CPU.Build.0 = Debug|Any CPU
		{33CB1E2B-C069-4F7F-89DD-89251FF681BC}.Debug|Any CPU.Deploy.0 = Debug|Any CPU
		{33CB1E2B-C069-4F7F-89DD-89251FF681BC}.Release|Any CPU.ActiveCfg = Release|Any CPU
		{33CB1E2B-C069-4F7F-89DD-89251FF681BC}.Release|Any CPU.Build.0 = Release|Any CPU
		{33CB1E2B-C069-4F7F-89DD-89251FF681BC}.Release|Any CPU.Deploy.0 = Release|Any CPU
	EndGlobalSection
	GlobalSection(SolutionProperties) = preSolution
		HideSolutionNode = FALSE
	EndGlobalSection
	GlobalSection(ExtensibilityGlobals) = postSolution
		SolutionGuid = {61F7FB11-1E47-470C-91E2-47F8143E1572}
	EndGlobalSection
EndGlobal
